
Microsoft Visual Studio Solution File, Format Version 12.00
# Visual Studio 15
VisualStudioVersion = 15.0.27130.2036
MinimumVisualStudioVersion = 10.0.40219.1
Project("{FAE04EC0-301F-11D3-BF4B-00C04F79EFBC}") = "Program2", "Program2\Program2.csproj", "{1FB5ABC3-8739-47AA-AFDA-6764E23AC8AC}"
EndProject
Project("{FAE04EC0-301F-11D3-BF4B-00C04F79EFBC}") = "Program1", "Program1\Program1.csproj", "{1C11004E-B72E-42A2-841E-B0DC30987A88}"
EndProject
Global
	GlobalSection(SolutionConfigurationPlatforms) = preSolution
		Debug|Any CPU = Debug|Any CPU
		Release|Any CPU = Release|Any CPU
	EndGlobalSection
	GlobalSection(ProjectConfigurationPlatforms) = postSolution
		{1FB5ABC3-8739-47AA-AFDA-6764E23AC8AC}.Debug|Any CPU.ActiveCfg = Debug|Any CPU
		{1FB5ABC3-8739-47AA-AFDA-6764E23AC8AC}.Debug|Any CPU.Build.0 = Debug|Any CPU
		{1FB5ABC3-8739-47AA-AFDA-6764E23AC8AC}.Release|Any CPU.ActiveCfg = Release|Any CPU
		{1FB5ABC3-8739-47AA-AFDA-6764E23AC8AC}.Release|Any CPU.Build.0 = Release|Any CPU
		{1C11004E-B72E-42A2-841E-B0DC30987A88}.Debug|Any CPU.ActiveCfg = Debug|Any CPU
		{1C11004E-B72E-42A2-841E-B0DC30987A88}.Debug|Any CPU.Build.0 = Debug|Any CPU
		{1C11004E-B72E-42A2-841E-B0DC30987A88}.Release|Any CPU.ActiveCfg = Release|Any CPU
		{1C11004E-B72E-42A2-841E-B0DC30987A88}.Release|Any CPU.Build.0 = Release|Any CPU
	EndGlobalSection
	GlobalSection(SolutionProperties) = preSolution
		HideSolutionNode = FALSE
	EndGlobalSection
	GlobalSection(ExtensibilityGlobals) = postSolution
		SolutionGuid = {239A5DC0-74B6-48E2-9ACB-FBA9D739FB96}
	EndGlobalSection
EndGlobal
