
Microsoft Visual Studio Solution File, Format Version 12.00
# Visual Studio 15
VisualStudioVersion = 15.0.27130.2036
MinimumVisualStudioVersion = 10.0.40219.1
Project("{FAE04EC0-301F-11D3-BF4B-00C04F79EFBC}") = "HomeWork6.1", "HomeWork6.1\HomeWork6.1.csproj", "{A436C1CC-3A20-4039-8ED2-36B0669B8317}"
EndProject
Project("{FAE04EC0-301F-11D3-BF4B-00C04F79EFBC}") = "HomeWork6.1Tests6.1.11", "HomeWork6.1Tests6.1.11\HomeWork6.1Tests6.1.11.csproj", "{66C92B81-CF9B-4F45-A446-9D6B70D84DE1}"
EndProject
Global
	GlobalSection(SolutionConfigurationPlatforms) = preSolution
		Debug|Any CPU = Debug|Any CPU
		Release|Any CPU = Release|Any CPU
	EndGlobalSection
	GlobalSection(ProjectConfigurationPlatforms) = postSolution
		{A436C1CC-3A20-4039-8ED2-36B0669B8317}.Debug|Any CPU.ActiveCfg = Debug|Any CPU
		{A436C1CC-3A20-4039-8ED2-36B0669B8317}.Debug|Any CPU.Build.0 = Debug|Any CPU
		{A436C1CC-3A20-4039-8ED2-36B0669B8317}.Release|Any CPU.ActiveCfg = Release|Any CPU
		{A436C1CC-3A20-4039-8ED2-36B0669B8317}.Release|Any CPU.Build.0 = Release|Any CPU
		{66C92B81-CF9B-4F45-A446-9D6B70D84DE1}.Debug|Any CPU.ActiveCfg = Debug|Any CPU
		{66C92B81-CF9B-4F45-A446-9D6B70D84DE1}.Debug|Any CPU.Build.0 = Debug|Any CPU
		{66C92B81-CF9B-4F45-A446-9D6B70D84DE1}.Release|Any CPU.ActiveCfg = Release|Any CPU
		{66C92B81-CF9B-4F45-A446-9D6B70D84DE1}.Release|Any CPU.Build.0 = Release|Any CPU
	EndGlobalSection
	GlobalSection(SolutionProperties) = preSolution
		HideSolutionNode = FALSE
	EndGlobalSection
	GlobalSection(ExtensibilityGlobals) = postSolution
		SolutionGuid = {3ED66FF9-949D-4190-B937-AE48C9B4CC81}
	EndGlobalSection
EndGlobal
